{
  "lockfile-version": 1,
  "manifest": {
    "version": 1,
    "install": {
      "_1password": {
        "pkg-path": "_1password"
      },
      "nodejs": {
        "pkg-path": "nodejs_24",
        "version": "24.7.0"
      },
      "pnpm": {
        "pkg-path": "pnpm",
        "pkg-group": "pnpm",
        "version": "10.14.0"
      }
    },
    "vars": {
      "ROOT_DIR": "$(git rev-parse --show-toplevel)"
    },
    "hook": {
      "on-activate": "  echo -e \"📦 Installing dependencies...\n\"\n  pnpm install --frozen-lockfile\n\n  echo -e \"\n📝 Exporting NODE_EXTRA_CA_CERTS...\"\n  export NODE_EXTRA_CA_CERTS=/etc/ssl/certs/flox-ca-bundle.crt\n\n  echo -e \"\n✅ Done!\"\n"
    },
    "profile": {},
    "options": {}
  },
  "packages": [
    {
      "attr_path": "pnpm",
      "broken": false,
      "derivation": "/nix/store/mbnsjzlan6bxpyfq7l5wm1snm4fynj7g-pnpm-10.14.0.drv",
      "description": "Fast, disk space efficient package manager for JavaScript",
      "install_id": "pnpm",
      "license": "MIT",
      "locked_url": "https://github.com/flox/nixpkgs?rev=20075955deac2583bb12f07151c2df830ef346b4",
      "name": "pnpm-10.14.0",
      "pname": "pnpm",
      "rev": "20075955deac2583bb12f07151c2df830ef346b4",
      "rev_count": 846535,
      "rev_date": "2025-08-19T15:00:17Z",
      "scrape_date": "2025-08-24T15:39:04.362677Z",
      "stabilities": [
        "unstable"
      ],
      "unfree": false,
      "version": "10.14.0",
      "outputs_to_install": [
        "out"
      ],
      "outputs": {
        "out": "/nix/store/zbrkyacg6llvr23i9jymcqpdply66wcb-pnpm-10.14.0"
      },
      "system": "aarch64-darwin",
      "group": "pnpm",
      "priority": 5
    },
    {
      "attr_path": "pnpm",
      "broken": false,
      "derivation": "/nix/store/d272dgm94ngv832j59klzn98j2xkg7ym-pnpm-10.14.0.drv",
      "description": "Fast, disk space efficient package manager for JavaScript",
      "install_id": "pnpm",
      "license": "MIT",
      "locked_url": "https://github.com/flox/nixpkgs?rev=20075955deac2583bb12f07151c2df830ef346b4",
      "name": "pnpm-10.14.0",
      "pname": "pnpm",
      "rev": "20075955deac2583bb12f07151c2df830ef346b4",
      "rev_count": 846535,
      "rev_date": "2025-08-19T15:00:17Z",
      "scrape_date": "2025-08-24T16:05:52.135478Z",
      "stabilities": [
        "unstable"
      ],
      "unfree": false,
      "version": "10.14.0",
      "outputs_to_install": [
        "out"
      ],
      "outputs": {
        "out": "/nix/store/cfpp6ffy67vvzz1l6vqddkxzffs2m790-pnpm-10.14.0"
      },
      "system": "aarch64-linux",
      "group": "pnpm",
      "priority": 5
    },
    {
      "attr_path": "pnpm",
      "broken": false,
      "derivation": "/nix/store/mzms4q8gavdnl048mb4ykgp231zf9n79-pnpm-10.14.0.drv",
      "description": "Fast, disk space efficient package manager for JavaScript",
      "install_id": "pnpm",
      "license": "MIT",
      "locked_url": "https://github.com/flox/nixpkgs?rev=20075955deac2583bb12f07151c2df830ef346b4",
      "name": "pnpm-10.14.0",
      "pname": "pnpm",
      "rev": "20075955deac2583bb12f07151c2df830ef346b4",
      "rev_count": 846535,
      "rev_date": "2025-08-19T15:00:17Z",
      "scrape_date": "2025-08-24T16:29:36.471290Z",
      "stabilities": [
        "unstable"
      ],
      "unfree": false,
      "version": "10.14.0",
      "outputs_to_install": [
        "out"
      ],
      "outputs": {
        "out": "/nix/store/iryjb73pn84bczcr751608rjbpbzm721-pnpm-10.14.0"
      },
      "system": "x86_64-darwin",
      "group": "pnpm",
      "priority": 5
    },
    {
      "attr_path": "pnpm",
      "broken": false,
      "derivation": "/nix/store/d5iq575j1lwp66lmr2pgx8rdk7d8cpww-pnpm-10.14.0.drv",
      "description": "Fast, disk space efficient package manager for JavaScript",
      "install_id": "pnpm",
      "license": "MIT",
      "locked_url": "https://github.com/flox/nixpkgs?rev=20075955deac2583bb12f07151c2df830ef346b4",
      "name": "pnpm-10.14.0",
      "pname": "pnpm",
      "rev": "20075955deac2583bb12f07151c2df830ef346b4",
      "rev_count": 846535,
      "rev_date": "2025-08-19T15:00:17Z",
      "scrape_date": "2025-08-24T16:57:56.781753Z",
      "stabilities": [
        "unstable"
      ],
      "unfree": false,
      "version": "10.14.0",
      "outputs_to_install": [
        "out"
      ],
      "outputs": {
        "out": "/nix/store/q4cljfi7la5sbb75vb2kkgvbg2qwgz2x-pnpm-10.14.0"
      },
      "system": "x86_64-linux",
      "group": "pnpm",
      "priority": 5
    },
    {
      "attr_path": "_1password",
      "broken": false,
      "derivation": "/nix/store/pdy8v6vip77rzhj84fkghbscy0d1mcdh-1password-cli-2.32.0.drv",
      "description": "1Password command-line tool",
      "install_id": "_1password",
      "license": "Unfree",
      "locked_url": "https://github.com/flox/nixpkgs?rev=b599843bad24621dcaa5ab60dac98f9b0eb1cabe",
      "name": "1password-cli-2.32.0",
      "pname": "_1password",
      "rev": "b599843bad24621dcaa5ab60dac98f9b0eb1cabe",
      "rev_count": 858212,
      "rev_date": "2025-09-08T16:06:28Z",
      "scrape_date": "2025-09-10T02:02:26.527173Z",
      "stabilities": [
        "unstable"
      ],
      "unfree": true,
      "version": "2.32.0",
      "outputs_to_install": [
        "out"
      ],
      "outputs": {
        "out": "/nix/store/hjp7hgpab1zazcgnxs7iaypxj6xrb5qi-1password-cli-2.32.0"
      },
      "system": "aarch64-darwin",
      "group": "toplevel",
      "priority": 5
    },
    {
      "attr_path": "_1password",
      "broken": false,
      "derivation": "/nix/store/kxqlzhny43m9yca3y6ws060yxs6rijz0-1password-cli-2.32.0.drv",
      "description": "1Password command-line tool",
      "install_id": "_1password",
      "license": "Unfree",
      "locked_url": "https://github.com/flox/nixpkgs?rev=b599843bad24621dcaa5ab60dac98f9b0eb1cabe",
      "name": "1password-cli-2.32.0",
      "pname": "_1password",
      "rev": "b599843bad24621dcaa5ab60dac98f9b0eb1cabe",
      "rev_count": 858212,
      "rev_date": "2025-09-08T16:06:28Z",
      "scrape_date": "2025-09-10T02:33:13.914570Z",
      "stabilities": [
        "unstable"
      ],
      "unfree": true,
      "version": "2.32.0",
      "outputs_to_install": [
        "out"
      ],
      "outputs": {
        "out": "/nix/store/21ij40vm3n2lwb2ly7brx0g28ra64yd3-1password-cli-2.32.0"
      },
      "system": "aarch64-linux",
      "group": "toplevel",
      "priority": 5
    },
    {
      "attr_path": "_1password",
      "broken": false,
      "derivation": "/nix/store/1whxyf3if6im81b3i4hvkr1c0q3amd9d-1password-cli-2.32.0.drv",
      "description": "1Password command-line tool",
      "install_id": "_1password",
      "license": "Unfree",
      "locked_url": "https://github.com/flox/nixpkgs?rev=b599843bad24621dcaa5ab60dac98f9b0eb1cabe",
      "name": "1password-cli-2.32.0",
      "pname": "_1password",
      "rev": "b599843bad24621dcaa5ab60dac98f9b0eb1cabe",
      "rev_count": 858212,
      "rev_date": "2025-09-08T16:06:28Z",
      "scrape_date": "2025-09-10T03:01:03.241406Z",
      "stabilities": [
        "unstable"
      ],
      "unfree": true,
      "version": "2.32.0",
      "outputs_to_install": [
        "out"
      ],
      "outputs": {
        "out": "/nix/store/3rhn0dxkcdw82sdfvxyjmfmk98qvxwij-1password-cli-2.32.0"
      },
      "system": "x86_64-darwin",
      "group": "toplevel",
      "priority": 5
    },
    {
      "attr_path": "_1password",
      "broken": false,
      "derivation": "/nix/store/bwllbdhvv18gjhgf9jf8mli6cp5js3j6-1password-cli-2.32.0.drv",
      "description": "1Password command-line tool",
      "install_id": "_1password",
      "license": "Unfree",
      "locked_url": "https://github.com/flox/nixpkgs?rev=b599843bad24621dcaa5ab60dac98f9b0eb1cabe",
      "name": "1password-cli-2.32.0",
      "pname": "_1password",
      "rev": "b599843bad24621dcaa5ab60dac98f9b0eb1cabe",
      "rev_count": 858212,
      "rev_date": "2025-09-08T16:06:28Z",
      "scrape_date": "2025-09-10T03:33:42.219897Z",
      "stabilities": [
        "unstable"
      ],
      "unfree": true,
      "version": "2.32.0",
      "outputs_to_install": [
        "out"
      ],
      "outputs": {
        "out": "/nix/store/l48bh4pp9lhg3lclqvhn1p45an72c1ha-1password-cli-2.32.0"
      },
      "system": "x86_64-linux",
      "group": "toplevel",
      "priority": 5
    },
    {
      "attr_path": "nodejs_24",
      "broken": false,
      "derivation": "/nix/store/k3ih2yg7856nf1fr4d24iy58fj18flbj-nodejs-24.7.0.drv",
      "description": "Event-driven I/O framework for the V8 JavaScript engine",
      "install_id": "nodejs",
      "license": "MIT",
      "locked_url": "https://github.com/flox/nixpkgs?rev=b599843bad24621dcaa5ab60dac98f9b0eb1cabe",
      "name": "nodejs-24.7.0",
      "pname": "nodejs_24",
      "rev": "b599843bad24621dcaa5ab60dac98f9b0eb1cabe",
      "rev_count": 858212,
      "rev_date": "2025-09-08T16:06:28Z",
      "scrape_date": "2025-09-10T02:02:49.689177Z",
      "stabilities": [
        "unstable"
      ],
      "unfree": false,
      "version": "24.7.0",
      "outputs_to_install": [
        "out"
      ],
      "outputs": {
        "dev": "/nix/store/2y7mmq7ca5jd19n4nm03nag23ccq4jxb-nodejs-24.7.0-dev",
        "libv8": "/nix/store/55y1fbyx230p3w5khfvjzygxm4gss46c-nodejs-24.7.0-libv8",
        "out": "/nix/store/ccz46k0i3qxsjxm55601qkn4ckdy0j2s-nodejs-24.7.0"
      },
      "system": "aarch64-darwin",
      "group": "toplevel",
      "priority": 5
    },
    {
      "attr_path": "nodejs_24",
      "broken": false,
      "derivation": "/nix/store/y8j7yq3d2xgxw4ypyzm9knkz8x12vbrv-nodejs-24.7.0.drv",
      "description": "Event-driven I/O framework for the V8 JavaScript engine",
      "install_id": "nodejs",
      "license": "MIT",
      "locked_url": "https://github.com/flox/nixpkgs?rev=b599843bad24621dcaa5ab60dac98f9b0eb1cabe",
      "name": "nodejs-24.7.0",
      "pname": "nodejs_24",
      "rev": "b599843bad24621dcaa5ab60dac98f9b0eb1cabe",
      "rev_count": 858212,
      "rev_date": "2025-09-08T16:06:28Z",
      "scrape_date": "2025-09-10T02:33:51.367022Z",
      "stabilities": [
        "unstable"
      ],
      "unfree": false,
      "version": "24.7.0",
      "outputs_to_install": [
        "out"
      ],
      "outputs": {
        "dev": "/nix/store/kyhchi0ap5b2k9yflrnvn864pnfrh523-nodejs-24.7.0-dev",
        "libv8": "/nix/store/y5fbsq27f6bfil7k8wc8shaa6q3rl1lx-nodejs-24.7.0-libv8",
        "out": "/nix/store/8gh5b8d1rwx06wlbfy4s5plqhpq9n4ai-nodejs-24.7.0"
      },
      "system": "aarch64-linux",
      "group": "toplevel",
      "priority": 5
    },
    {
      "attr_path": "nodejs_24",
      "broken": false,
      "derivation": "/nix/store/hnza26v0bf1r3g5wpk4wmh0a0pp4xgny-nodejs-24.7.0.drv",
      "description": "Event-driven I/O framework for the V8 JavaScript engine",
      "install_id": "nodejs",
      "license": "MIT",
      "locked_url": "https://github.com/flox/nixpkgs?rev=b599843bad24621dcaa5ab60dac98f9b0eb1cabe",
      "name": "nodejs-24.7.0",
      "pname": "nodejs_24",
      "rev": "b599843bad24621dcaa5ab60dac98f9b0eb1cabe",
      "rev_count": 858212,
      "rev_date": "2025-09-08T16:06:28Z",
      "scrape_date": "2025-09-10T03:01:26.486857Z",
      "stabilities": [
        "unstable"
      ],
      "unfree": false,
      "version": "24.7.0",
      "outputs_to_install": [
        "out"
      ],
      "outputs": {
        "dev": "/nix/store/czgn6fkq1zsw04hf12gciprlncz83kgw-nodejs-24.7.0-dev",
        "libv8": "/nix/store/mwy41qlkg15m1d129mcncxpy19pac3li-nodejs-24.7.0-libv8",
        "out": "/nix/store/fxp7kvbrylhvfg6daab927sh8q0i3irb-nodejs-24.7.0"
      },
      "system": "x86_64-darwin",
      "group": "toplevel",
      "priority": 5
    },
    {
      "attr_path": "nodejs_24",
      "broken": false,
      "derivation": "/nix/store/lg7qhp36icjdxj0abqrhl9629fflch1j-nodejs-24.7.0.drv",
      "description": "Event-driven I/O framework for the V8 JavaScript engine",
      "install_id": "nodejs",
      "license": "MIT",
      "locked_url": "https://github.com/flox/nixpkgs?rev=b599843bad24621dcaa5ab60dac98f9b0eb1cabe",
      "name": "nodejs-24.7.0",
      "pname": "nodejs_24",
      "rev": "b599843bad24621dcaa5ab60dac98f9b0eb1cabe",
      "rev_count": 858212,
      "rev_date": "2025-09-08T16:06:28Z",
      "scrape_date": "2025-09-10T03:34:23.621257Z",
      "stabilities": [
        "unstable"
      ],
      "unfree": false,
      "version": "24.7.0",
      "outputs_to_install": [
        "out"
      ],
      "outputs": {
        "dev": "/nix/store/mlaxg9lc79xv0r1mlxnzyr8w4jgnpkj2-nodejs-24.7.0-dev",
        "libv8": "/nix/store/z8aj3g61ph9c01mfb0nswr3sp7iwi9pd-nodejs-24.7.0-libv8",
        "out": "/nix/store/xspqdfh7j7g3l4gkxzfhr5qiqb4hj7iv-nodejs-24.7.0"
      },
      "system": "x86_64-linux",
      "group": "toplevel",
      "priority": 5
    }
  ]
}